<?xml version="1.0" encoding="UTF-8" standalone="yes" ?>
<CodeBlocks_project_file>
	<FileVersion major="1" minor="6" />
	<Project>
		<Option title="bsp_30f" />
		<Option pch_mode="2" />
		<Option compiler="gcc" />
		<Build>
			<Target title="Debug">
				<Option output="bin/Debug/bsp_30f" prefix_auto="1" extension_auto="1" />
				<Option object_output="obj/Debug/" />
				<Option type="1" />
				<Option compiler="gcc" />
				<Compiler>
					<Add option="-g" />
					<Add directory="include" />
				</Compiler>
			</Target>
			<Target title="Release">
				<Option output="bin/Release/bsp_30f" prefix_auto="1" extension_auto="1" />
				<Option object_output="obj/Release/" />
				<Option type="1" />
				<Option compiler="gcc" />
				<Compiler>
					<Add option="-O2" />
					<Add directory="include" />
				</Compiler>
				<Linker>
					<Add option="-s" />
				</Linker>
			</Target>
		</Build>
		<Compiler>
			<Add option="-Wall" />
			<Add option="-fexceptions" />
		</Compiler>
		<Unit filename="include/Bishop.h" />
		<Unit filename="include/Board.h" />
		<Unit filename="include/King.h" />
		<Unit filename="include/Knight.h" />
		<Unit filename="include/Pawn.h" />
		<Unit filename="include/Piece.h" />
		<Unit filename="include/Queen.h" />
		<Unit filename="include/Rock.h" />
		<Unit filename="include/Game.h" />
		<Unit filename="main.cpp" />
		<Unit filename="src/Bishop.cpp" />
		<Unit filename="src/Board.cpp" />
		<Unit filename="src/King.cpp" />
		<Unit filename="src/Knight.cpp" />
		<Unit filename="src/Pawn.cpp" />
		<Unit filename="src/Piece.cpp" />
		<Unit filename="src/Queen.cpp" />
		<Unit filename="src/Rock.cpp" />
		<Unit filename="src/Game.cpp" />
		<Extensions>
			<code_completion />
			<envvars />
			<debugger />
			<lib_finder disable_auto="1" />
		</Extensions>
	</Project>
</CodeBlocks_project_file>
